
Microsoft Visual Studio Solution File, Format Version 12.00
# Visual Studio 2012
Project("{FAE04EC0-301F-11D3-BF4B-00C04F79EFBC}") = "ShopCart", "ShopCart\ShopCart.csproj", "{4EAE6A48-C5CA-4965-AFD1-9D791F32DC66}"
EndProject
Project("{FAE04EC0-301F-11D3-BF4B-00C04F79EFBC}") = "ConsoleApplication1", "ConsoleApplication1\ConsoleApplication1.csproj", "{C417C4CB-C2E1-4B6E-B500-DC50BB8979BC}"
EndProject
Global
	GlobalSection(SolutionConfigurationPlatforms) = preSolution
		Debug|Any CPU = Debug|Any CPU
		Release|Any CPU = Release|Any CPU
	EndGlobalSection
	GlobalSection(ProjectConfigurationPlatforms) = postSolution
		{4EAE6A48-C5CA-4965-AFD1-9D791F32DC66}.Debug|Any CPU.ActiveCfg = Debug|Any CPU
		{4EAE6A48-C5CA-4965-AFD1-9D791F32DC66}.Debug|Any CPU.Build.0 = Debug|Any CPU
		{4EAE6A48-C5CA-4965-AFD1-9D791F32DC66}.Release|Any CPU.ActiveCfg = Release|Any CPU
		{4EAE6A48-C5CA-4965-AFD1-9D791F32DC66}.Release|Any CPU.Build.0 = Release|Any CPU
		{C417C4CB-C2E1-4B6E-B500-DC50BB8979BC}.Debug|Any CPU.ActiveCfg = Debug|Any CPU
		{C417C4CB-C2E1-4B6E-B500-DC50BB8979BC}.Debug|Any CPU.Build.0 = Debug|Any CPU
		{C417C4CB-C2E1-4B6E-B500-DC50BB8979BC}.Release|Any CPU.ActiveCfg = Release|Any CPU
		{C417C4CB-C2E1-4B6E-B500-DC50BB8979BC}.Release|Any CPU.Build.0 = Release|Any CPU
	EndGlobalSection
	GlobalSection(SolutionProperties) = preSolution
		HideSolutionNode = FALSE
	EndGlobalSection
EndGlobal
